
Microsoft Visual Studio Solution File, Format Version 12.00
# Visual Studio 15
VisualStudioVersion = 15.0.28307.852
MinimumVisualStudioVersion = 10.0.40219.1
Project("{FAE04EC0-301F-11D3-BF4B-00C04F79EFBC}") = "Eticaret.UI", "Eticaret.UI\Eticaret.UI.csproj", "{77C0E6C5-A75D-474D-81EF-22C5E1E3202D}"
EndProject
Project("{FAE04EC0-301F-11D3-BF4B-00C04F79EFBC}") = "Entities", "Entities\Entities.csproj", "{23402E5D-5784-475F-B04F-204475159833}"
EndProject
Project("{FAE04EC0-301F-11D3-BF4B-00C04F79EFBC}") = "DALL", "DALL\DALL.csproj", "{69710E45-E270-4AB5-99BF-D6D643C756BD}"
EndProject
Project("{FAE04EC0-301F-11D3-BF4B-00C04F79EFBC}") = "Services", "Services\Services.csproj", "{C4F37C6E-6A51-4C25-9F4B-FCD9A7D0B226}"
EndProject
Global
	GlobalSection(SolutionConfigurationPlatforms) = preSolution
		Debug|Any CPU = Debug|Any CPU
		Release|Any CPU = Release|Any CPU
	EndGlobalSection
	GlobalSection(ProjectConfigurationPlatforms) = postSolution
		{77C0E6C5-A75D-474D-81EF-22C5E1E3202D}.Debug|Any CPU.ActiveCfg = Debug|Any CPU
		{77C0E6C5-A75D-474D-81EF-22C5E1E3202D}.Debug|Any CPU.Build.0 = Debug|Any CPU
		{77C0E6C5-A75D-474D-81EF-22C5E1E3202D}.Release|Any CPU.ActiveCfg = Release|Any CPU
		{77C0E6C5-A75D-474D-81EF-22C5E1E3202D}.Release|Any CPU.Build.0 = Release|Any CPU
		{23402E5D-5784-475F-B04F-204475159833}.Debug|Any CPU.ActiveCfg = Debug|Any CPU
		{23402E5D-5784-475F-B04F-204475159833}.Debug|Any CPU.Build.0 = Debug|Any CPU
		{23402E5D-5784-475F-B04F-204475159833}.Release|Any CPU.ActiveCfg = Release|Any CPU
		{23402E5D-5784-475F-B04F-204475159833}.Release|Any CPU.Build.0 = Release|Any CPU
		{69710E45-E270-4AB5-99BF-D6D643C756BD}.Debug|Any CPU.ActiveCfg = Debug|Any CPU
		{69710E45-E270-4AB5-99BF-D6D643C756BD}.Debug|Any CPU.Build.0 = Debug|Any CPU
		{69710E45-E270-4AB5-99BF-D6D643C756BD}.Release|Any CPU.ActiveCfg = Release|Any CPU
		{69710E45-E270-4AB5-99BF-D6D643C756BD}.Release|Any CPU.Build.0 = Release|Any CPU
		{C4F37C6E-6A51-4C25-9F4B-FCD9A7D0B226}.Debug|Any CPU.ActiveCfg = Debug|Any CPU
		{C4F37C6E-6A51-4C25-9F4B-FCD9A7D0B226}.Debug|Any CPU.Build.0 = Debug|Any CPU
		{C4F37C6E-6A51-4C25-9F4B-FCD9A7D0B226}.Release|Any CPU.ActiveCfg = Release|Any CPU
		{C4F37C6E-6A51-4C25-9F4B-FCD9A7D0B226}.Release|Any CPU.Build.0 = Release|Any CPU
	EndGlobalSection
	GlobalSection(SolutionProperties) = preSolution
		HideSolutionNode = FALSE
	EndGlobalSection
	GlobalSection(ExtensibilityGlobals) = postSolution
		SolutionGuid = {1E934056-011D-4A21-8B58-B34CCE1DE4D2}
	EndGlobalSection
EndGlobal
